
Microsoft Visual Studio Solution File, Format Version 11.00
# Visual Studio 2010
Project("{FAE04EC0-301F-11D3-BF4B-00C04F79EFBC}") = "ChipDetection", "ChipDetection\ChipDetection.csproj", "{5F598AD1-9E37-4632-AA4E-8D886E65DF18}"
EndProject
Project("{8BC9CEB8-8B4A-11D0-8D11-00A0C91BC942}") = "myprocess", "myprocess\myprocess.vcxproj", "{0C1A9211-7602-49B5-98C7-99CFC8BF2088}"
EndProject
Global
	GlobalSection(SolutionConfigurationPlatforms) = preSolution
		Debug|Any CPU = Debug|Any CPU
		Debug|Mixed Platforms = Debug|Mixed Platforms
		Debug|Win32 = Debug|Win32
		Debug|x64 = Debug|x64
		Debug|x86 = Debug|x86
		Release|Any CPU = Release|Any CPU
		Release|Mixed Platforms = Release|Mixed Platforms
		Release|Win32 = Release|Win32
		Release|x64 = Release|x64
		Release|x86 = Release|x86
	EndGlobalSection
	GlobalSection(ProjectConfigurationPlatforms) = postSolution
		{5F598AD1-9E37-4632-AA4E-8D886E65DF18}.Debug|Any CPU.ActiveCfg = Debug|Any CPU
		{5F598AD1-9E37-4632-AA4E-8D886E65DF18}.Debug|Any CPU.Build.0 = Debug|Any CPU
		{5F598AD1-9E37-4632-AA4E-8D886E65DF18}.Debug|Mixed Platforms.ActiveCfg = Debug|x64
		{5F598AD1-9E37-4632-AA4E-8D886E65DF18}.Debug|Mixed Platforms.Build.0 = Debug|x64
		{5F598AD1-9E37-4632-AA4E-8D886E65DF18}.Debug|Win32.ActiveCfg = Debug|x64
		{5F598AD1-9E37-4632-AA4E-8D886E65DF18}.Debug|x64.ActiveCfg = Debug|x64
		{5F598AD1-9E37-4632-AA4E-8D886E65DF18}.Debug|x64.Build.0 = Debug|x64
		{5F598AD1-9E37-4632-AA4E-8D886E65DF18}.Debug|x86.ActiveCfg = Debug|x86
		{5F598AD1-9E37-4632-AA4E-8D886E65DF18}.Debug|x86.Build.0 = Debug|x86
		{5F598AD1-9E37-4632-AA4E-8D886E65DF18}.Release|Any CPU.ActiveCfg = Release|Any CPU
		{5F598AD1-9E37-4632-AA4E-8D886E65DF18}.Release|Any CPU.Build.0 = Release|Any CPU
		{5F598AD1-9E37-4632-AA4E-8D886E65DF18}.Release|Mixed Platforms.ActiveCfg = Release|x64
		{5F598AD1-9E37-4632-AA4E-8D886E65DF18}.Release|Mixed Platforms.Build.0 = Release|x64
		{5F598AD1-9E37-4632-AA4E-8D886E65DF18}.Release|Win32.ActiveCfg = Release|x64
		{5F598AD1-9E37-4632-AA4E-8D886E65DF18}.Release|x64.ActiveCfg = Release|x64
		{5F598AD1-9E37-4632-AA4E-8D886E65DF18}.Release|x64.Build.0 = Release|x64
		{5F598AD1-9E37-4632-AA4E-8D886E65DF18}.Release|x86.ActiveCfg = Release|x86
		{5F598AD1-9E37-4632-AA4E-8D886E65DF18}.Release|x86.Build.0 = Release|x86
		{0C1A9211-7602-49B5-98C7-99CFC8BF2088}.Debug|Any CPU.ActiveCfg = Debug|x64
		{0C1A9211-7602-49B5-98C7-99CFC8BF2088}.Debug|Mixed Platforms.ActiveCfg = Debug|x64
		{0C1A9211-7602-49B5-98C7-99CFC8BF2088}.Debug|Mixed Platforms.Build.0 = Debug|x64
		{0C1A9211-7602-49B5-98C7-99CFC8BF2088}.Debug|Win32.ActiveCfg = Debug|Win32
		{0C1A9211-7602-49B5-98C7-99CFC8BF2088}.Debug|Win32.Build.0 = Debug|Win32
		{0C1A9211-7602-49B5-98C7-99CFC8BF2088}.Debug|x64.ActiveCfg = Debug|x64
		{0C1A9211-7602-49B5-98C7-99CFC8BF2088}.Debug|x64.Build.0 = Debug|x64
		{0C1A9211-7602-49B5-98C7-99CFC8BF2088}.Debug|x86.ActiveCfg = Debug|x64
		{0C1A9211-7602-49B5-98C7-99CFC8BF2088}.Release|Any CPU.ActiveCfg = Release|x64
		{0C1A9211-7602-49B5-98C7-99CFC8BF2088}.Release|Mixed Platforms.ActiveCfg = Release|x64
		{0C1A9211-7602-49B5-98C7-99CFC8BF2088}.Release|Mixed Platforms.Build.0 = Release|x64
		{0C1A9211-7602-49B5-98C7-99CFC8BF2088}.Release|Win32.ActiveCfg = Release|Win32
		{0C1A9211-7602-49B5-98C7-99CFC8BF2088}.Release|Win32.Build.0 = Release|Win32
		{0C1A9211-7602-49B5-98C7-99CFC8BF2088}.Release|x64.ActiveCfg = Release|x64
		{0C1A9211-7602-49B5-98C7-99CFC8BF2088}.Release|x64.Build.0 = Release|x64
		{0C1A9211-7602-49B5-98C7-99CFC8BF2088}.Release|x86.ActiveCfg = Release|x64
	EndGlobalSection
	GlobalSection(SolutionProperties) = preSolution
		HideSolutionNode = FALSE
	EndGlobalSection
EndGlobal
